
Microsoft Visual Studio Solution File, Format Version 12.00
# Visual Studio Version 16
VisualStudioVersion = 16.0.31205.134
MinimumVisualStudioVersion = 10.0.40219.1
Project("{FAE04EC0-301F-11D3-BF4B-00C04F79EFBC}") = "WebApp", "WebApp\WebApp.csproj", "{486F5FAD-A8CC-4B93-AE31-5D31F78BDC1B}"
EndProject
Global
	GlobalSection(SolutionConfigurationPlatforms) = preSolution
		Debug|Any CPU = Debug|Any CPU
		Release|Any CPU = Release|Any CPU
	EndGlobalSection
	GlobalSection(ProjectConfigurationPlatforms) = postSolution
		{486F5FAD-A8CC-4B93-AE31-5D31F78BDC1B}.Debug|Any CPU.ActiveCfg = Debug|Any CPU
		{486F5FAD-A8CC-4B93-AE31-5D31F78BDC1B}.Debug|Any CPU.Build.0 = Debug|Any CPU
		{486F5FAD-A8CC-4B93-AE31-5D31F78BDC1B}.Release|Any CPU.ActiveCfg = Release|Any CPU
		{486F5FAD-A8CC-4B93-AE31-5D31F78BDC1B}.Release|Any CPU.Build.0 = Release|Any CPU
	EndGlobalSection
	GlobalSection(SolutionProperties) = preSolution
		HideSolutionNode = FALSE
	EndGlobalSection
	GlobalSection(ExtensibilityGlobals) = postSolution
		SolutionGuid = {E1FD7018-9106-48FE-A9B6-B01F89F8169B}
	EndGlobalSection
EndGlobal
